
Microsoft Visual Studio Solution File, Format Version 12.00
# Visual Studio Version 17
VisualStudioVersion = 17.0.31903.59
MinimumVisualStudioVersion = 10.0.40219.1
Project("{FAE04EC0-301F-11D3-BF4B-00C04F79EFBC}") = "UnityAnalysisTool", "UnityAnalysisTool\UnityAnalysisTool.csproj", "{31735AFF-7754-4DF5-BC78-52C478726A9B}"
EndProject
Project("{FAE04EC0-301F-11D3-BF4B-00C04F79EFBC}") = "UnityAnalysisTool.Tests", "UnityAnalysisTool.Tests\UnityAnalysisTool.Tests.csproj", "{68898D96-A811-4611-A92A-758936B002F9}"
EndProject
Global
	GlobalSection(SolutionConfigurationPlatforms) = preSolution
		Debug|Any CPU = Debug|Any CPU
		Debug|x64 = Debug|x64
		Debug|x86 = Debug|x86
		Release|Any CPU = Release|Any CPU
		Release|x64 = Release|x64
		Release|x86 = Release|x86
	EndGlobalSection
	GlobalSection(ProjectConfigurationPlatforms) = postSolution
		{31735AFF-7754-4DF5-BC78-52C478726A9B}.Debug|Any CPU.ActiveCfg = Debug|Any CPU
		{31735AFF-7754-4DF5-BC78-52C478726A9B}.Debug|Any CPU.Build.0 = Debug|Any CPU
		{31735AFF-7754-4DF5-BC78-52C478726A9B}.Debug|x64.ActiveCfg = Debug|Any CPU
		{31735AFF-7754-4DF5-BC78-52C478726A9B}.Debug|x64.Build.0 = Debug|Any CPU
		{31735AFF-7754-4DF5-BC78-52C478726A9B}.Debug|x86.ActiveCfg = Debug|Any CPU
		{31735AFF-7754-4DF5-BC78-52C478726A9B}.Debug|x86.Build.0 = Debug|Any CPU
		{31735AFF-7754-4DF5-BC78-52C478726A9B}.Release|Any CPU.ActiveCfg = Release|Any CPU
		{31735AFF-7754-4DF5-BC78-52C478726A9B}.Release|Any CPU.Build.0 = Release|Any CPU
		{31735AFF-7754-4DF5-BC78-52C478726A9B}.Release|x64.ActiveCfg = Release|Any CPU
		{31735AFF-7754-4DF5-BC78-52C478726A9B}.Release|x64.Build.0 = Release|Any CPU
		{31735AFF-7754-4DF5-BC78-52C478726A9B}.Release|x86.ActiveCfg = Release|Any CPU
		{31735AFF-7754-4DF5-BC78-52C478726A9B}.Release|x86.Build.0 = Release|Any CPU
		{68898D96-A811-4611-A92A-758936B002F9}.Debug|Any CPU.ActiveCfg = Debug|Any CPU
		{68898D96-A811-4611-A92A-758936B002F9}.Debug|Any CPU.Build.0 = Debug|Any CPU
		{68898D96-A811-4611-A92A-758936B002F9}.Debug|x64.ActiveCfg = Debug|Any CPU
		{68898D96-A811-4611-A92A-758936B002F9}.Debug|x64.Build.0 = Debug|Any CPU
		{68898D96-A811-4611-A92A-758936B002F9}.Debug|x86.ActiveCfg = Debug|Any CPU
		{68898D96-A811-4611-A92A-758936B002F9}.Debug|x86.Build.0 = Debug|Any CPU
		{68898D96-A811-4611-A92A-758936B002F9}.Release|Any CPU.ActiveCfg = Release|Any CPU
		{68898D96-A811-4611-A92A-758936B002F9}.Release|Any CPU.Build.0 = Release|Any CPU
		{68898D96-A811-4611-A92A-758936B002F9}.Release|x64.ActiveCfg = Release|Any CPU
		{68898D96-A811-4611-A92A-758936B002F9}.Release|x64.Build.0 = Release|Any CPU
		{68898D96-A811-4611-A92A-758936B002F9}.Release|x86.ActiveCfg = Release|Any CPU
		{68898D96-A811-4611-A92A-758936B002F9}.Release|x86.Build.0 = Release|Any CPU
	EndGlobalSection
	GlobalSection(SolutionProperties) = preSolution
		HideSolutionNode = FALSE
	EndGlobalSection
EndGlobal
